
Microsoft Visual Studio Solution File, Format Version 12.00
# Visual Studio 15
VisualStudioVersion = 15.0.28307.136
MinimumVisualStudioVersion = 10.0.40219.1
Project("{FAE04EC0-301F-11D3-BF4B-00C04F79EFBC}") = "FaceDetectionApp", "FaceDetectionApp\FaceDetectionApp.csproj", "{C83687E8-26B2-4B8B-B7EA-BDF9C5F93448}"
EndProject
Global
	GlobalSection(SolutionConfigurationPlatforms) = preSolution
		Debug|Any CPU = Debug|Any CPU
		Release|Any CPU = Release|Any CPU
	EndGlobalSection
	GlobalSection(ProjectConfigurationPlatforms) = postSolution
		{C83687E8-26B2-4B8B-B7EA-BDF9C5F93448}.Debug|Any CPU.ActiveCfg = Debug|Any CPU
		{C83687E8-26B2-4B8B-B7EA-BDF9C5F93448}.Debug|Any CPU.Build.0 = Debug|Any CPU
		{C83687E8-26B2-4B8B-B7EA-BDF9C5F93448}.Release|Any CPU.ActiveCfg = Release|Any CPU
		{C83687E8-26B2-4B8B-B7EA-BDF9C5F93448}.Release|Any CPU.Build.0 = Release|Any CPU
	EndGlobalSection
	GlobalSection(SolutionProperties) = preSolution
		HideSolutionNode = FALSE
	EndGlobalSection
	GlobalSection(ExtensibilityGlobals) = postSolution
		SolutionGuid = {E0E473F7-FCA7-4A29-86E4-65A7CF2890F4}
	EndGlobalSection
EndGlobal
